{
  "name": "libapping",
  "lockfileVersion": 3,
  "requires": true,
  "packages": {
    "": {
      "name": "libapping",
      "license": "Apache-2.0",
      "devDependencies": {
        "cmake-bare": "^1.4.0",
        "cmake-fetch": "^1.1.0",
        "compact-encoding": "^2.16.0",
        "prettier": "^3.4.1",
        "prettier-config-standard": "^7.0.0"
      }
    },
    "node_modules/b4a": {
      "version": "1.7.3",
      "resolved": "https://registry.npmjs.org/b4a/-/b4a-1.7.3.tgz",
      "integrity": "sha512-5Q2mfq2WfGuFp3uS//0s6baOJLMoVduPYVeNmDYxu5OUA1/cBfvr2RIS7vi62LdNj/urk1hfmj867I3qt6uZ7Q==",
      "dev": true,
      "license": "Apache-2.0",
      "peerDependencies": {
        "react-native-b4a": "*"
      },
      "peerDependenciesMeta": {
        "react-native-b4a": {
          "optional": true
        }
      }
    },
    "node_modules/cmake-bare": {
      "version": "1.7.1",
      "resolved": "https://registry.npmjs.org/cmake-bare/-/cmake-bare-1.7.1.tgz",
      "integrity": "sha512-RdvrO23Te5WvbwarjwKnTGSPFywbLtX1UbIRBbrcyQrdlz1ii/vsziEuRflYjkJLYDwY5wqUbBvRDda7RBH9Zg==",
      "dev": true,
      "license": "Apache-2.0",
      "dependencies": {
        "cmake-npm": "^1.1.0"
      }
    },
    "node_modules/cmake-fetch": {
      "version": "1.4.7",
      "resolved": "https://registry.npmjs.org/cmake-fetch/-/cmake-fetch-1.4.7.tgz",
      "integrity": "sha512-awlN1Ck7CaeD9bCHg8UeMokShCM7XlP0aOhalnQVPA4lZC+4xG04Qfypd0J8auoY6BMdYUAycv3RfGpUAhbCkQ==",
      "dev": true,
      "license": "Apache-2.0"
    },
    "node_modules/cmake-npm": {
      "version": "1.1.0",
      "resolved": "https://registry.npmjs.org/cmake-npm/-/cmake-npm-1.1.0.tgz",
      "integrity": "sha512-+mM1ykb4k0bSR5afW0LcVLEf1rd00o95m8PeotnCfXcsnEQ++TKrf86noO4G9uLGrvgKi9kD1BJvaZyN4G8CDw==",
      "dev": true,
      "license": "Apache-2.0"
    },
    "node_modules/compact-encoding": {
      "version": "2.18.0",
      "resolved": "https://registry.npmjs.org/compact-encoding/-/compact-encoding-2.18.0.tgz",
      "integrity": "sha512-goACAOlhMI2xo5jGOMUDfOLnGdRE1jGfyZ+zie8N5114nHrbPIqf6GLUtzbLof6DSyrERlYRm3EcBplte5LcQw==",
      "dev": true,
      "license": "Apache-2.0",
      "dependencies": {
        "b4a": "^1.3.0"
      }
    },
    "node_modules/prettier": {
      "version": "3.6.2",
      "resolved": "https://registry.npmjs.org/prettier/-/prettier-3.6.2.tgz",
      "integrity": "sha512-I7AIg5boAr5R0FFtJ6rCfD+LFsWHp81dolrFD8S79U9tb8Az2nGrJncnMSnys+bpQJfRUzqs9hnA81OAA3hCuQ==",
      "dev": true,
      "license": "MIT",
      "bin": {
        "prettier": "bin/prettier.cjs"
      },
      "engines": {
        "node": ">=14"
      },
      "funding": {
        "url": "https://github.com/prettier/prettier?sponsor=1"
      }
    },
    "node_modules/prettier-config-standard": {
      "version": "7.0.0",
      "resolved": "https://registry.npmjs.org/prettier-config-standard/-/prettier-config-standard-7.0.0.tgz",
      "integrity": "sha512-NgZy4TYupJR6aMMuV/Aqs0ONnVhlFT8PXVkYRskxREq8EUhJHOddVfBxPV6fWpgcASpJSgvvhVLk0CBO5M3Hvw==",
      "dev": true,
      "license": "BSD-3-Clause",
      "peerDependencies": {
        "prettier": "^2.6.0 || ^3.0.0"
      }
    }
  }
}
