{
  "name": "libapping",
  "lockfileVersion": 3,
  "requires": true,
  "packages": {
    "": {
      "name": "libapping",
      "license": "Apache-2.0",
      "devDependencies": {
        "cmake-bare": "^1.4.0",
        "cmake-fetch": "^1.1.0",
        "compact-encoding": "^2.16.0",
        "prettier": "^3.4.1",
        "prettier-config-standard": "^7.0.0"
      }
    },
    "node_modules/b4a": {
      "version": "1.7.3",
      "resolved": "https://registry.npmjs.org/b4a/-/b4a-1.7.3.tgz",
      "integrity": "sha512-5Q2mfq2WfGuFp3uS//0s6baOJLMoVduPYVeNmDYxu5OUA1/cBfvr2RIS7vi62LdNj/urk1hfmj867I3qt6uZ7Q==",
      "dev": true,
      "license": "Apache-2.0",
      "peerDependencies": {
        "react-native-b4a": "*"
      },
      "peerDependenciesMeta": {
        "react-native-b4a": {
          "optional": true
        }
      }
    },
    "node_modules/cmake-bare": {
      "version": "1.7.6",
      "resolved": "https://registry.npmjs.org/cmake-bare/-/cmake-bare-1.7.6.tgz",
      "integrity": "sha512-FrKS6bG5A5ieITrygx10LZBENOQ6FH4NEZ09Uajy2IcZ/PIyRmPV1GmYqYWzT6rjwAteDxXVD4K3P8v87IXdKg==",
      "dev": true,
      "license": "Apache-2.0",
      "dependencies": {
        "cmake-npm": "^1.1.0"
      }
    },
    "node_modules/cmake-fetch": {
      "version": "1.4.8",
      "resolved": "https://registry.npmjs.org/cmake-fetch/-/cmake-fetch-1.4.8.tgz",
      "integrity": "sha512-4qnE1AMpeNycZOxWqGv7ryiQCVLzO4BrcU5oM53aeIpD/V1ZMgvNW1t8NRoZTiP13QjC1HLCu2mX9/Ycj0iq1g==",
      "dev": true,
      "license": "Apache-2.0"
    },
    "node_modules/cmake-npm": {
      "version": "1.1.0",
      "resolved": "https://registry.npmjs.org/cmake-npm/-/cmake-npm-1.1.0.tgz",
      "integrity": "sha512-+mM1ykb4k0bSR5afW0LcVLEf1rd00o95m8PeotnCfXcsnEQ++TKrf86noO4G9uLGrvgKi9kD1BJvaZyN4G8CDw==",
      "dev": true,
      "license": "Apache-2.0"
    },
    "node_modules/compact-encoding": {
      "version": "2.18.0",
      "resolved": "https://registry.npmjs.org/compact-encoding/-/compact-encoding-2.18.0.tgz",
      "integrity": "sha512-goACAOlhMI2xo5jGOMUDfOLnGdRE1jGfyZ+zie8N5114nHrbPIqf6GLUtzbLof6DSyrERlYRm3EcBplte5LcQw==",
      "dev": true,
      "license": "Apache-2.0",
      "dependencies": {
        "b4a": "^1.3.0"
      }
    },
    "node_modules/prettier": {
      "version": "3.7.4",
      "resolved": "https://registry.npmjs.org/prettier/-/prettier-3.7.4.tgz",
      "integrity": "sha512-v6UNi1+3hSlVvv8fSaoUbggEM5VErKmmpGA7Pl3HF8V6uKY7rvClBOJlH6yNwQtfTueNkGVpOv/mtWL9L4bgRA==",
      "dev": true,
      "license": "MIT",
      "peer": true,
      "bin": {
        "prettier": "bin/prettier.cjs"
      },
      "engines": {
        "node": ">=14"
      },
      "funding": {
        "url": "https://github.com/prettier/prettier?sponsor=1"
      }
    },
    "node_modules/prettier-config-standard": {
      "version": "7.0.0",
      "resolved": "https://registry.npmjs.org/prettier-config-standard/-/prettier-config-standard-7.0.0.tgz",
      "integrity": "sha512-NgZy4TYupJR6aMMuV/Aqs0ONnVhlFT8PXVkYRskxREq8EUhJHOddVfBxPV6fWpgcASpJSgvvhVLk0CBO5M3Hvw==",
      "dev": true,
      "license": "BSD-3-Clause",
      "peerDependencies": {
        "prettier": "^2.6.0 || ^3.0.0"
      }
    }
  }
}
